---
path: ".gem_rbs_collection"
gems:
- name: fileutils
  version: '0'
  source:
    type: stdlib
- name: json
  version: '0'
  source:
    type: stdlib
- name: logger
  version: '0'
  source:
    type: stdlib
- name: minitest
  version: '5.25'
  source:
    type: git
    name: ruby/gem_rbs_collection
    revision: d70d634c6e848dc5e93cea0163cc8206448be048
    remote: https://github.com/ruby/gem_rbs_collection.git
    repo_dir: gems
- name: monitor
  version: '0'
  source:
    type: stdlib
- name: optparse
  version: '0'
  source:
    type: stdlib
- name: prism
  version: 1.9.0
  source:
    type: rubygems
- name: rake
  version: '13.0'
  source:
    type: git
    name: ruby/gem_rbs_collection
    revision: d70d634c6e848dc5e93cea0163cc8206448be048
    remote: https://github.com/ruby/gem_rbs_collection.git
    repo_dir: gems
- name: rbs
  version: 3.10.3
  source:
    type: rubygems
- name: rdoc
  version: '0'
  source:
    type: stdlib
- name: strscan
  version: '0'
  source:
    type: stdlib
- name: tsort
  version: '0'
  source:
    type: stdlib
gemfile_lock_path: Gemfile.lock
